speakeasyVersion: 1.796.4
sources:
    PatternReveal API:
        sourceNamespace: pattern-reveal-api
        sourceRevisionDigest: sha256:a9dcdf9f78593b7fdb1fc09ca3dc44ff7b6089377c31af5e728cafa0d0b2e359
        sourceBlobDigest: sha256:a8921fda2d7c30668dcd9a12202773c12790e08962c0f92930723b71733bd5a3
        tags:
            - latest
            - 0.0.1
targets:
    patternreveal:
        source: PatternReveal API
        sourceNamespace: pattern-reveal-api
        sourceRevisionDigest: sha256:a9dcdf9f78593b7fdb1fc09ca3dc44ff7b6089377c31af5e728cafa0d0b2e359
        sourceBlobDigest: sha256:a8921fda2d7c30668dcd9a12202773c12790e08962c0f92930723b71733bd5a3
        codeSamplesNamespace: pattern-reveal-api-typescript-code-samples
        codeSamplesRevisionDigest: sha256:888aad42d93a338889456c4f6fdb099b06261317160c28393630d663351a8142
workflow:
    workflowVersion: 1.0.0
    speakeasyVersion: latest
    sources:
        PatternReveal API:
            inputs:
                - location: openapi.yaml
            output: .speakeasy/out.openapi.yaml
            registry:
                location: registry.speakeasyapi.dev/patternreveal/api/pattern-reveal-api
    targets:
        patternreveal:
            target: typescript
            source: PatternReveal API
            codeSamples:
                registry:
                    location: registry.speakeasyapi.dev/patternreveal/api/pattern-reveal-api-typescript-code-samples
                labelOverride:
                    fixedValue: Typescript (SDK)
                blocking: false
